{
    "hash": "5f5f0e40ba31eeb37712cdbac93d724a",
    "packages": [
        {
            "package": "dasprid/bacon",
            "version": "dev-feature/composer",
            "source-reference": "5146dde054c4fdf43d54ba61155954c6b667a4b7",
            "commit-date": "1338713462"
        },
        {
            "package": "doctrine/common",
            "version": "dev-master",
            "alias-pretty-version": "2.3.x-dev",
            "alias-version": "2.3.9999999.9999999-dev"
        },
        {
            "package": "doctrine/common",
            "version": "dev-master",
            "source-reference": "d2f8a36b8696b446bf25cfe2b0b3aaf03e0835e6",
            "commit-date": "1341088911"
        },
        {
            "package": "doctrine/data-fixtures",
            "version": "dev-master",
            "source-reference": "64538135ef2b17a296e26f88a04c7ce2e4551459",
            "commit-date": "1340776266"
        },
        {
            "package": "doctrine/dbal",
            "version": "dev-master",
            "alias-pretty-version": "2.3.x-dev",
            "alias-version": "2.3.9999999.9999999-dev"
        },
        {
            "package": "doctrine/dbal",
            "version": "dev-master",
            "source-reference": "ab57a0105d107fd08936bff173345ff8aeb006e5",
            "commit-date": "1341522050"
        },
        {
            "package": "doctrine/doctrine-module",
            "version": "dev-master",
            "source-reference": "97f556ff3d4a07fae26be877d93e878a65c1b217",
            "commit-date": "1341521577"
        },
        {
            "package": "doctrine/doctrine-orm-module",
            "version": "dev-master",
            "source-reference": "9a9f1a291d855cd684b127f326504da83167d535",
            "commit-date": "1341529885"
        },
        {
            "package": "doctrine/migrations",
            "version": "dev-master",
            "source-reference": "fe98141b1e460baf5ab52f9139e1ae238101b28b",
            "commit-date": "1336330359"
        },
        {
            "package": "doctrine/orm",
            "version": "dev-master",
            "source-reference": "0a95e42ea8c081f969679d4f0cff4621ba536905",
            "commit-date": "1341519628"
        },
        {
            "package": "ensemble/admin",
            "version": "dev-master",
            "source-reference": "b72992476ee4c7587ffa84f4b48df35e47944b28",
            "commit-date": "1341569740"
        },
        {
            "package": "ensemble/kernel",
            "version": "dev-master",
            "source-reference": "d0082bed3c90635b1f66c5bfbf1a2edc849d837b",
            "commit-date": "1341564038"
        },
        {
            "package": "ensemble/kernel-doctrine-orm",
            "version": "dev-master",
            "source-reference": "c1434f6f61f431d7a1a6e6c354e14bc4928f95bb",
            "commit-date": "1341565821"
        },
        {
            "package": "ensemble/utils",
            "version": "dev-master",
            "source-reference": "b3175adb910a2cf0965704ea43ff157d980919fe",
            "commit-date": "1341564002"
        },
        {
            "package": "gedmo/doctrine-extensions",
            "version": "dev-master",
            "source-reference": "v2.3.1",
            "commit-date": "1341521596"
        },
        {
            "package": "symfony/console",
            "version": "2.0.x-dev",
            "source-reference": "v2.0.15",
            "commit-date": "1337159406"
        },
        {
            "package": "symfony/yaml",
            "version": "2.0.x-dev",
            "source-reference": "c123857e83b279a4a1300ef27cc8cc25d8ea84f9",
            "commit-date": "1339254257"
        },
        {
            "package": "zendframework/zendframework",
            "version": "dev-master",
            "source-reference": "8f535f3b231c0617d0cdfc897f955282174bfe9e",
            "commit-date": "1341558350"
        }
    ],
    "packages-dev": null,
    "aliases": [

    ],
    "minimum-stability": "stable",
    "stability-flags": {
        "ensemble/kernel": 20,
        "ensemble/kernel-doctrine-orm": 20,
        "ensemble/utils": 20,
        "ensemble/admin": 20,
        "dasprid/bacon": 20
    }
}
